
Microsoft Visual Studio Solution File, Format Version 12.00
# Visual Studio Version 16
VisualStudioVersion = 16.0.30114.105
MinimumVisualStudioVersion = 10.0.40219.1
Project("{8BC9CEB8-8B4A-11D0-8D11-00A0C91BC942}") = "Dynamic_Array", "Dynamic_Array\Dynamic_Array.vcxproj", "{9BBCC35E-D239-40F4-A2F4-29C8A2BE24D5}"
EndProject
Project("{8BC9CEB8-8B4A-11D0-8D11-00A0C91BC942}") = "MCD_MCM", "MCD_MCM\MCD_MCM.vcxproj", "{4DB60950-E86F-43F2-9E96-4E167CD14407}"
EndProject
Project("{8BC9CEB8-8B4A-11D0-8D11-00A0C91BC942}") = "Dynamic_Array_UnitTest", "Dynamic_Array_UnitTest\Dynamic_Array_UnitTest.vcxproj", "{AE2CF51F-3E75-4DB5-BE71-4365887441A8}"
EndProject
Global
	GlobalSection(SolutionConfigurationPlatforms) = preSolution
		Debug|x64 = Debug|x64
		Debug|x86 = Debug|x86
		Release|x64 = Release|x64
		Release|x86 = Release|x86
	EndGlobalSection
	GlobalSection(ProjectConfigurationPlatforms) = postSolution
		{9BBCC35E-D239-40F4-A2F4-29C8A2BE24D5}.Debug|x64.ActiveCfg = Debug|x64
		{9BBCC35E-D239-40F4-A2F4-29C8A2BE24D5}.Debug|x64.Build.0 = Debug|x64
		{9BBCC35E-D239-40F4-A2F4-29C8A2BE24D5}.Debug|x86.ActiveCfg = Debug|Win32
		{9BBCC35E-D239-40F4-A2F4-29C8A2BE24D5}.Debug|x86.Build.0 = Debug|Win32
		{9BBCC35E-D239-40F4-A2F4-29C8A2BE24D5}.Release|x64.ActiveCfg = Release|x64
		{9BBCC35E-D239-40F4-A2F4-29C8A2BE24D5}.Release|x64.Build.0 = Release|x64
		{9BBCC35E-D239-40F4-A2F4-29C8A2BE24D5}.Release|x86.ActiveCfg = Release|Win32
		{9BBCC35E-D239-40F4-A2F4-29C8A2BE24D5}.Release|x86.Build.0 = Release|Win32
		{4DB60950-E86F-43F2-9E96-4E167CD14407}.Debug|x64.ActiveCfg = Debug|x64
		{4DB60950-E86F-43F2-9E96-4E167CD14407}.Debug|x64.Build.0 = Debug|x64
		{4DB60950-E86F-43F2-9E96-4E167CD14407}.Debug|x86.ActiveCfg = Debug|Win32
		{4DB60950-E86F-43F2-9E96-4E167CD14407}.Debug|x86.Build.0 = Debug|Win32
		{4DB60950-E86F-43F2-9E96-4E167CD14407}.Release|x64.ActiveCfg = Release|x64
		{4DB60950-E86F-43F2-9E96-4E167CD14407}.Release|x64.Build.0 = Release|x64
		{4DB60950-E86F-43F2-9E96-4E167CD14407}.Release|x86.ActiveCfg = Release|Win32
		{4DB60950-E86F-43F2-9E96-4E167CD14407}.Release|x86.Build.0 = Release|Win32
		{AE2CF51F-3E75-4DB5-BE71-4365887441A8}.Debug|x64.ActiveCfg = Debug|x64
		{AE2CF51F-3E75-4DB5-BE71-4365887441A8}.Debug|x64.Build.0 = Debug|x64
		{AE2CF51F-3E75-4DB5-BE71-4365887441A8}.Debug|x86.ActiveCfg = Debug|Win32
		{AE2CF51F-3E75-4DB5-BE71-4365887441A8}.Debug|x86.Build.0 = Debug|Win32
		{AE2CF51F-3E75-4DB5-BE71-4365887441A8}.Release|x64.ActiveCfg = Release|x64
		{AE2CF51F-3E75-4DB5-BE71-4365887441A8}.Release|x64.Build.0 = Release|x64
		{AE2CF51F-3E75-4DB5-BE71-4365887441A8}.Release|x86.ActiveCfg = Release|Win32
		{AE2CF51F-3E75-4DB5-BE71-4365887441A8}.Release|x86.Build.0 = Release|Win32
	EndGlobalSection
	GlobalSection(SolutionProperties) = preSolution
		HideSolutionNode = FALSE
	EndGlobalSection
	GlobalSection(ExtensibilityGlobals) = postSolution
		SolutionGuid = {7A43A317-7DB1-48ED-B9F6-3113741CCE3E}
	EndGlobalSection
EndGlobal
